
Microsoft Visual Studio Solution File, Format Version 12.00
# Visual Studio Version 16
VisualStudioVersion = 16.0.29613.14
MinimumVisualStudioVersion = 10.0.40219.1
Project("{FAE04EC0-301F-11D3-BF4B-00C04F79EFBC}") = "Koe", "Koe\Koe.csproj", "{2447AC67-4DD1-4BAE-A656-303F4AC32DD0}"
EndProject
Global
	GlobalSection(SolutionConfigurationPlatforms) = preSolution
		Debug|Any CPU = Debug|Any CPU
		Release|Any CPU = Release|Any CPU
	EndGlobalSection
	GlobalSection(ProjectConfigurationPlatforms) = postSolution
		{2447AC67-4DD1-4BAE-A656-303F4AC32DD0}.Debug|Any CPU.ActiveCfg = Debug|Any CPU
		{2447AC67-4DD1-4BAE-A656-303F4AC32DD0}.Debug|Any CPU.Build.0 = Debug|Any CPU
		{2447AC67-4DD1-4BAE-A656-303F4AC32DD0}.Release|Any CPU.ActiveCfg = Release|Any CPU
		{2447AC67-4DD1-4BAE-A656-303F4AC32DD0}.Release|Any CPU.Build.0 = Release|Any CPU
	EndGlobalSection
	GlobalSection(SolutionProperties) = preSolution
		HideSolutionNode = FALSE
	EndGlobalSection
	GlobalSection(ExtensibilityGlobals) = postSolution
		SolutionGuid = {D03D7055-FDBB-4DA2-9545-DA13B3528340}
	EndGlobalSection
EndGlobal
