
Microsoft Visual Studio Solution File, Format Version 12.00
# Visual Studio Version 16
VisualStudioVersion = 16.0.29613.14
MinimumVisualStudioVersion = 10.0.40219.1
Project("{FAE04EC0-301F-11D3-BF4B-00C04F79EFBC}") = "Harjoitus_3.1", "Harjoitus_3.1\Harjoitus_3.1.csproj", "{E147810A-A32F-4720-AE39-56778803728F}"
EndProject
Global
	GlobalSection(SolutionConfigurationPlatforms) = preSolution
		Debug|Any CPU = Debug|Any CPU
		Release|Any CPU = Release|Any CPU
	EndGlobalSection
	GlobalSection(ProjectConfigurationPlatforms) = postSolution
		{E147810A-A32F-4720-AE39-56778803728F}.Debug|Any CPU.ActiveCfg = Debug|Any CPU
		{E147810A-A32F-4720-AE39-56778803728F}.Debug|Any CPU.Build.0 = Debug|Any CPU
		{E147810A-A32F-4720-AE39-56778803728F}.Release|Any CPU.ActiveCfg = Release|Any CPU
		{E147810A-A32F-4720-AE39-56778803728F}.Release|Any CPU.Build.0 = Release|Any CPU
	EndGlobalSection
	GlobalSection(SolutionProperties) = preSolution
		HideSolutionNode = FALSE
	EndGlobalSection
	GlobalSection(ExtensibilityGlobals) = postSolution
		SolutionGuid = {E8139631-0E94-40EB-9F1A-2566C148149B}
	EndGlobalSection
EndGlobal
