
Microsoft Visual Studio Solution File, Format Version 12.00
# Visual Studio Version 16
VisualStudioVersion = 16.0.29613.14
MinimumVisualStudioVersion = 10.0.40219.1
Project("{FAE04EC0-301F-11D3-BF4B-00C04F79EFBC}") = "Harjoitus_1.2", "Harjoitus_1.2\Harjoitus_1.2.csproj", "{09BFD73B-B5BC-4344-8B4C-B0BA131B1D41}"
EndProject
Global
	GlobalSection(SolutionConfigurationPlatforms) = preSolution
		Debug|Any CPU = Debug|Any CPU
		Release|Any CPU = Release|Any CPU
	EndGlobalSection
	GlobalSection(ProjectConfigurationPlatforms) = postSolution
		{09BFD73B-B5BC-4344-8B4C-B0BA131B1D41}.Debug|Any CPU.ActiveCfg = Debug|Any CPU
		{09BFD73B-B5BC-4344-8B4C-B0BA131B1D41}.Debug|Any CPU.Build.0 = Debug|Any CPU
		{09BFD73B-B5BC-4344-8B4C-B0BA131B1D41}.Release|Any CPU.ActiveCfg = Release|Any CPU
		{09BFD73B-B5BC-4344-8B4C-B0BA131B1D41}.Release|Any CPU.Build.0 = Release|Any CPU
	EndGlobalSection
	GlobalSection(SolutionProperties) = preSolution
		HideSolutionNode = FALSE
	EndGlobalSection
	GlobalSection(ExtensibilityGlobals) = postSolution
		SolutionGuid = {1061EBCE-F0CA-4613-992C-9652BF03F3F3}
	EndGlobalSection
EndGlobal
