
Microsoft Visual Studio Solution File, Format Version 12.00
# Visual Studio Version 16
VisualStudioVersion = 16.0.29613.14
MinimumVisualStudioVersion = 10.0.40219.1
Project("{FAE04EC0-301F-11D3-BF4B-00C04F79EFBC}") = "Harjoitus_4.2", "Harjoitus_4.2\Harjoitus_4.2.csproj", "{67CA1DCC-DF65-49C1-B745-13887FA0819D}"
EndProject
Global
	GlobalSection(SolutionConfigurationPlatforms) = preSolution
		Debug|Any CPU = Debug|Any CPU
		Release|Any CPU = Release|Any CPU
	EndGlobalSection
	GlobalSection(ProjectConfigurationPlatforms) = postSolution
		{67CA1DCC-DF65-49C1-B745-13887FA0819D}.Debug|Any CPU.ActiveCfg = Debug|Any CPU
		{67CA1DCC-DF65-49C1-B745-13887FA0819D}.Debug|Any CPU.Build.0 = Debug|Any CPU
		{67CA1DCC-DF65-49C1-B745-13887FA0819D}.Release|Any CPU.ActiveCfg = Release|Any CPU
		{67CA1DCC-DF65-49C1-B745-13887FA0819D}.Release|Any CPU.Build.0 = Release|Any CPU
	EndGlobalSection
	GlobalSection(SolutionProperties) = preSolution
		HideSolutionNode = FALSE
	EndGlobalSection
	GlobalSection(ExtensibilityGlobals) = postSolution
		SolutionGuid = {694141C5-389B-4415-8B07-F72ABC68265D}
	EndGlobalSection
EndGlobal
