
Microsoft Visual Studio Solution File, Format Version 12.00
# Visual Studio Version 16
VisualStudioVersion = 16.0.29613.14
MinimumVisualStudioVersion = 10.0.40219.1
Project("{FAE04EC0-301F-11D3-BF4B-00C04F79EFBC}") = "Harjoitus_6.3", "Harjoitus_6.3\Harjoitus_6.3.csproj", "{1C0C47CB-CC54-4580-8FF0-D9937DB0EE27}"
EndProject
Global
	GlobalSection(SolutionConfigurationPlatforms) = preSolution
		Debug|Any CPU = Debug|Any CPU
		Release|Any CPU = Release|Any CPU
	EndGlobalSection
	GlobalSection(ProjectConfigurationPlatforms) = postSolution
		{1C0C47CB-CC54-4580-8FF0-D9937DB0EE27}.Debug|Any CPU.ActiveCfg = Debug|Any CPU
		{1C0C47CB-CC54-4580-8FF0-D9937DB0EE27}.Debug|Any CPU.Build.0 = Debug|Any CPU
		{1C0C47CB-CC54-4580-8FF0-D9937DB0EE27}.Release|Any CPU.ActiveCfg = Release|Any CPU
		{1C0C47CB-CC54-4580-8FF0-D9937DB0EE27}.Release|Any CPU.Build.0 = Release|Any CPU
	EndGlobalSection
	GlobalSection(SolutionProperties) = preSolution
		HideSolutionNode = FALSE
	EndGlobalSection
	GlobalSection(ExtensibilityGlobals) = postSolution
		SolutionGuid = {D839227C-8F23-44C0-94FB-F630EBA4FB8E}
	EndGlobalSection
EndGlobal
