
Microsoft Visual Studio Solution File, Format Version 12.00
# Visual Studio Version 16
VisualStudioVersion = 16.0.29613.14
MinimumVisualStudioVersion = 10.0.40219.1
Project("{FAE04EC0-301F-11D3-BF4B-00C04F79EFBC}") = "Harjoitus_8.2", "Harjoitus_8.2\Harjoitus_8.2.csproj", "{BA7FA11F-5AB1-4E8F-982F-1DA32152F7E7}"
EndProject
Global
	GlobalSection(SolutionConfigurationPlatforms) = preSolution
		Debug|Any CPU = Debug|Any CPU
		Release|Any CPU = Release|Any CPU
	EndGlobalSection
	GlobalSection(ProjectConfigurationPlatforms) = postSolution
		{BA7FA11F-5AB1-4E8F-982F-1DA32152F7E7}.Debug|Any CPU.ActiveCfg = Debug|Any CPU
		{BA7FA11F-5AB1-4E8F-982F-1DA32152F7E7}.Debug|Any CPU.Build.0 = Debug|Any CPU
		{BA7FA11F-5AB1-4E8F-982F-1DA32152F7E7}.Release|Any CPU.ActiveCfg = Release|Any CPU
		{BA7FA11F-5AB1-4E8F-982F-1DA32152F7E7}.Release|Any CPU.Build.0 = Release|Any CPU
	EndGlobalSection
	GlobalSection(SolutionProperties) = preSolution
		HideSolutionNode = FALSE
	EndGlobalSection
	GlobalSection(ExtensibilityGlobals) = postSolution
		SolutionGuid = {CD2A6332-1925-47B5-9897-4EC64EDC5BE1}
	EndGlobalSection
EndGlobal
