
Microsoft Visual Studio Solution File, Format Version 12.00
# Visual Studio Version 16
VisualStudioVersion = 16.0.29613.14
MinimumVisualStudioVersion = 10.0.40219.1
Project("{FAE04EC0-301F-11D3-BF4B-00C04F79EFBC}") = "Harjoitus_2.2", "Harjoitus_2.2\Harjoitus_2.2.csproj", "{4ACA89D7-A6F8-454A-B4A9-7549B2B7E49D}"
EndProject
Global
	GlobalSection(SolutionConfigurationPlatforms) = preSolution
		Debug|Any CPU = Debug|Any CPU
		Release|Any CPU = Release|Any CPU
	EndGlobalSection
	GlobalSection(ProjectConfigurationPlatforms) = postSolution
		{4ACA89D7-A6F8-454A-B4A9-7549B2B7E49D}.Debug|Any CPU.ActiveCfg = Debug|Any CPU
		{4ACA89D7-A6F8-454A-B4A9-7549B2B7E49D}.Debug|Any CPU.Build.0 = Debug|Any CPU
		{4ACA89D7-A6F8-454A-B4A9-7549B2B7E49D}.Release|Any CPU.ActiveCfg = Release|Any CPU
		{4ACA89D7-A6F8-454A-B4A9-7549B2B7E49D}.Release|Any CPU.Build.0 = Release|Any CPU
	EndGlobalSection
	GlobalSection(SolutionProperties) = preSolution
		HideSolutionNode = FALSE
	EndGlobalSection
	GlobalSection(ExtensibilityGlobals) = postSolution
		SolutionGuid = {5FDEF071-635D-4343-81EB-0A44100468B6}
	EndGlobalSection
EndGlobal
