
Microsoft Visual Studio Solution File, Format Version 12.00
# Visual Studio Version 16
VisualStudioVersion = 16.0.29613.14
MinimumVisualStudioVersion = 10.0.40219.1
Project("{FAE04EC0-301F-11D3-BF4B-00C04F79EFBC}") = "Harjoitus_5.2", "Harjoitus_5.2\Harjoitus_5.2.csproj", "{F48E0D74-7AD3-46C6-8DC2-2B9E9913E18C}"
EndProject
Global
	GlobalSection(SolutionConfigurationPlatforms) = preSolution
		Debug|Any CPU = Debug|Any CPU
		Release|Any CPU = Release|Any CPU
	EndGlobalSection
	GlobalSection(ProjectConfigurationPlatforms) = postSolution
		{F48E0D74-7AD3-46C6-8DC2-2B9E9913E18C}.Debug|Any CPU.ActiveCfg = Debug|Any CPU
		{F48E0D74-7AD3-46C6-8DC2-2B9E9913E18C}.Debug|Any CPU.Build.0 = Debug|Any CPU
		{F48E0D74-7AD3-46C6-8DC2-2B9E9913E18C}.Release|Any CPU.ActiveCfg = Release|Any CPU
		{F48E0D74-7AD3-46C6-8DC2-2B9E9913E18C}.Release|Any CPU.Build.0 = Release|Any CPU
	EndGlobalSection
	GlobalSection(SolutionProperties) = preSolution
		HideSolutionNode = FALSE
	EndGlobalSection
	GlobalSection(ExtensibilityGlobals) = postSolution
		SolutionGuid = {7A4EF141-93FA-438A-A6F8-C64FE073FB44}
	EndGlobalSection
EndGlobal
